
Microsoft Visual Studio Solution File, Format Version 12.00
# Visual Studio Version 17
VisualStudioVersion = 17.3.32929.385
MinimumVisualStudioVersion = 10.0.40219.1
Project("{FAE04EC0-301F-11D3-BF4B-00C04F79EFBC}") = "Mentorship.Basics", "D:\MentorShip\Mentorship.Basics\Mentorship.Basics.csproj", "{651FAC81-A294-4470-B423-ED5EDE0CD542}"
EndProject
Global
	GlobalSection(SolutionConfigurationPlatforms) = preSolution
		Debug|Any CPU = Debug|Any CPU
		Release|Any CPU = Release|Any CPU
	EndGlobalSection
	GlobalSection(ProjectConfigurationPlatforms) = postSolution
		{651FAC81-A294-4470-B423-ED5EDE0CD542}.Debug|Any CPU.ActiveCfg = Debug|Any CPU
		{651FAC81-A294-4470-B423-ED5EDE0CD542}.Debug|Any CPU.Build.0 = Debug|Any CPU
		{651FAC81-A294-4470-B423-ED5EDE0CD542}.Release|Any CPU.ActiveCfg = Release|Any CPU
		{651FAC81-A294-4470-B423-ED5EDE0CD542}.Release|Any CPU.Build.0 = Release|Any CPU
	EndGlobalSection
	GlobalSection(SolutionProperties) = preSolution
		HideSolutionNode = FALSE
	EndGlobalSection
	GlobalSection(ExtensibilityGlobals) = postSolution
		SolutionGuid = {76DC577A-5EEC-4110-AD27-CF73BD4D8499}
	EndGlobalSection
EndGlobal
