
Microsoft Visual Studio Solution File, Format Version 12.00
# Visual Studio Version 17
VisualStudioVersion = 17.8.34330.188
MinimumVisualStudioVersion = 10.0.40219.1
Project("{FAE04EC0-301F-11D3-BF4B-00C04F79EFBC}") = "problems", "problems\problems.csproj", "{9FB5E866-04DA-4472-98E0-B1FCAF5D793F}"
EndProject
Global
	GlobalSection(SolutionConfigurationPlatforms) = preSolution
		Debug|Any CPU = Debug|Any CPU
		Release|Any CPU = Release|Any CPU
	EndGlobalSection
	GlobalSection(ProjectConfigurationPlatforms) = postSolution
		{9FB5E866-04DA-4472-98E0-B1FCAF5D793F}.Debug|Any CPU.ActiveCfg = Debug|Any CPU
		{9FB5E866-04DA-4472-98E0-B1FCAF5D793F}.Debug|Any CPU.Build.0 = Debug|Any CPU
		{9FB5E866-04DA-4472-98E0-B1FCAF5D793F}.Release|Any CPU.ActiveCfg = Release|Any CPU
		{9FB5E866-04DA-4472-98E0-B1FCAF5D793F}.Release|Any CPU.Build.0 = Release|Any CPU
	EndGlobalSection
	GlobalSection(SolutionProperties) = preSolution
		HideSolutionNode = FALSE
	EndGlobalSection
	GlobalSection(ExtensibilityGlobals) = postSolution
		SolutionGuid = {F4D9E7AC-F5DE-4CD8-B06F-C24D989BE1ED}
	EndGlobalSection
EndGlobal
